
Microsoft Visual Studio Solution File, Format Version 12.00
# Visual Studio 15
VisualStudioVersion = 15.0.27004.2009
MinimumVisualStudioVersion = 10.0.40219.1
Project("{FAE04EC0-301F-11D3-BF4B-00C04F79EFBC}") = "Project3", "Project3.csproj", "{731773C6-364E-4327-9BE3-BD044FE6B501}"
EndProject
Project("{FAE04EC0-301F-11D3-BF4B-00C04F79EFBC}") = "Project3ColorConversionTests", "..\Project3ColorConversionTests\Project3ColorConversionTests.csproj", "{8E218C5D-6FDA-4871-B28C-5511BD5C34D4}"
EndProject
Global
	GlobalSection(SolutionConfigurationPlatforms) = preSolution
		Debug|Any CPU = Debug|Any CPU
		Release|Any CPU = Release|Any CPU
	EndGlobalSection
	GlobalSection(ProjectConfigurationPlatforms) = postSolution
		{731773C6-364E-4327-9BE3-BD044FE6B501}.Debug|Any CPU.ActiveCfg = Debug|Any CPU
		{731773C6-364E-4327-9BE3-BD044FE6B501}.Debug|Any CPU.Build.0 = Debug|Any CPU
		{731773C6-364E-4327-9BE3-BD044FE6B501}.Release|Any CPU.ActiveCfg = Release|Any CPU
		{731773C6-364E-4327-9BE3-BD044FE6B501}.Release|Any CPU.Build.0 = Release|Any CPU
		{8E218C5D-6FDA-4871-B28C-5511BD5C34D4}.Debug|Any CPU.ActiveCfg = Debug|Any CPU
		{8E218C5D-6FDA-4871-B28C-5511BD5C34D4}.Debug|Any CPU.Build.0 = Debug|Any CPU
		{8E218C5D-6FDA-4871-B28C-5511BD5C34D4}.Release|Any CPU.ActiveCfg = Release|Any CPU
		{8E218C5D-6FDA-4871-B28C-5511BD5C34D4}.Release|Any CPU.Build.0 = Release|Any CPU
	EndGlobalSection
	GlobalSection(SolutionProperties) = preSolution
		HideSolutionNode = FALSE
	EndGlobalSection
	GlobalSection(ExtensibilityGlobals) = postSolution
		SolutionGuid = {D9673D6E-23B1-448B-A20C-60AD82D8BBE7}
	EndGlobalSection
EndGlobal
