
Microsoft Visual Studio Solution File, Format Version 12.00
# Visual Studio 15
VisualStudioVersion = 15.0.27004.2006
MinimumVisualStudioVersion = 10.0.40219.1
Project("{FAE04EC0-301F-11D3-BF4B-00C04F79EFBC}") = "Project2", "Project2.csproj", "{9E28029C-9FD6-46DE-A3F7-CF489E429CDB}"
EndProject
Global
	GlobalSection(SolutionConfigurationPlatforms) = preSolution
		Debug|Any CPU = Debug|Any CPU
		Release|Any CPU = Release|Any CPU
	EndGlobalSection
	GlobalSection(ProjectConfigurationPlatforms) = postSolution
		{9E28029C-9FD6-46DE-A3F7-CF489E429CDB}.Debug|Any CPU.ActiveCfg = Debug|Any CPU
		{9E28029C-9FD6-46DE-A3F7-CF489E429CDB}.Debug|Any CPU.Build.0 = Debug|Any CPU
		{9E28029C-9FD6-46DE-A3F7-CF489E429CDB}.Release|Any CPU.ActiveCfg = Release|Any CPU
		{9E28029C-9FD6-46DE-A3F7-CF489E429CDB}.Release|Any CPU.Build.0 = Release|Any CPU
	EndGlobalSection
	GlobalSection(SolutionProperties) = preSolution
		HideSolutionNode = FALSE
	EndGlobalSection
	GlobalSection(ExtensibilityGlobals) = postSolution
		SolutionGuid = {97FDD0B9-56FE-4F54-BBDE-5CCF87257810}
	EndGlobalSection
EndGlobal
